PODS:
  - BLKFlexibleHeightBar (1.0.2)
  - Cosmos (1.2.2)
  - Eureka (1.5.0)
  - Material (1.38.4)

DEPENDENCIES:
  - BLKFlexibleHeightBar
  - Cosmos (~> 1.2)
  - Eureka
  - Material (~> 1.0)

SPEC CHECKSUMS:
  BLKFlexibleHeightBar: b27572a69633d8e33f1f2bbc486b04d8e86f742d
  Cosmos: 87c49100c69d2cb2eebfa4eb8d1e801fe29ff774
  Eureka: 2fb37bb50569c62ee3284689d5b7aca694b040e0
  Material: f3357eb593edaaeb5bf4243a8f9209d44a779d9e

COCOAPODS: 0.39.0
